
Microsoft Visual Studio Solution File, Format Version 12.00
# Visual Studio Version 16
VisualStudioVersion = 16.0.30517.126
MinimumVisualStudioVersion = 10.0.40219.1
Project("{FAE04EC0-301F-11D3-BF4B-00C04F79EFBC}") = "MoviesFromFile", "MoviesFromFile\MoviesFromFile.csproj", "{73E916B1-2D4B-4D80-8899-C2E5CE0BFCBA}"
EndProject
Project("{FAE04EC0-301F-11D3-BF4B-00C04F79EFBC}") = "Frozen", "Frozen\Frozen.csproj", "{59106112-EC50-410C-8858-ADDF336C05F5}"
EndProject
Global
	GlobalSection(SolutionConfigurationPlatforms) = preSolution
		Debug|Any CPU = Debug|Any CPU
		Release|Any CPU = Release|Any CPU
	EndGlobalSection
	GlobalSection(ProjectConfigurationPlatforms) = postSolution
		{73E916B1-2D4B-4D80-8899-C2E5CE0BFCBA}.Debug|Any CPU.ActiveCfg = Debug|Any CPU
		{73E916B1-2D4B-4D80-8899-C2E5CE0BFCBA}.Debug|Any CPU.Build.0 = Debug|Any CPU
		{73E916B1-2D4B-4D80-8899-C2E5CE0BFCBA}.Release|Any CPU.ActiveCfg = Release|Any CPU
		{73E916B1-2D4B-4D80-8899-C2E5CE0BFCBA}.Release|Any CPU.Build.0 = Release|Any CPU
		{59106112-EC50-410C-8858-ADDF336C05F5}.Debug|Any CPU.ActiveCfg = Debug|Any CPU
		{59106112-EC50-410C-8858-ADDF336C05F5}.Debug|Any CPU.Build.0 = Debug|Any CPU
		{59106112-EC50-410C-8858-ADDF336C05F5}.Release|Any CPU.ActiveCfg = Release|Any CPU
		{59106112-EC50-410C-8858-ADDF336C05F5}.Release|Any CPU.Build.0 = Release|Any CPU
	EndGlobalSection
	GlobalSection(SolutionProperties) = preSolution
		HideSolutionNode = FALSE
	EndGlobalSection
	GlobalSection(ExtensibilityGlobals) = postSolution
		SolutionGuid = {90BAB2AD-421C-488F-B6A9-D2CEBE2C8917}
	EndGlobalSection
EndGlobal
